lockfileVersion: 5.4

specifiers:
  '@clack/prompts': latest
  picocolors: latest

dependencies:
  '@clack/prompts': 0.4.4
  picocolors: 1.0.0

packages:

  /@clack/core/0.1.8:
    resolution: {integrity: sha512-9ZT1Un5kWD408y47fxQ4zvPFOUjAfPcDCz0ruil0oZg+ewKfDCeOXYb9d3aXA4szibVPlTpr03LWPFrXBj88wA==}
    dependencies:
      picocolors: 1.0.0
      sisteransi: 1.0.5
    dev: false

  /@clack/prompts/0.4.4:
    resolution: {integrity: sha512-PZkvFkRCqpLMPks+kQhfEDcAp2XFpqk9P0iA8vrNUGK1+uy1xyjYer2c97aTPMJOvvHQElrpYoNFPNm3vOZBXA==}
    dependencies:
      '@clack/core': 0.1.8
      picocolors: 1.0.0
      sisteransi: 1.0.5
    dev: false
    bundledDependencies:
      - is-unicode-supported

  /picocolors/1.0.0:
    resolution: {integrity: sha512-1fygroTLlHu66zi26VoTDv8yRgm0Fccecssto+MhsZ0D/DGW2sm8E8AjW7NU5VVTRt5GxbeZ5qBuJr+HyLYkjQ==}
    dev: false

  /sisteransi/1.0.5:
    resolution: {integrity: sha512-bLGGlR1QxBcynn2d5YmDX4MGjlZvy2MRBDRNHLJ8VI6l6+9FUiyTFNJ0IveOSP0bcXgVDPRcfGqA0pjaqUpfVg==}
    dev: false
